
Microsoft Visual Studio Solution File, Format Version 12.00
# Visual Studio 15
Project("{FAE04EC0-301F-11D3-BF4B-00C04F79EFBC}") = "CameraSwitch", "Assembly-CSharp.csproj", "{92383DB3-3A16-A629-138A-B42DEB213AF4}"
EndProject
Project("{FAE04EC0-301F-11D3-BF4B-00C04F79EFBC}") = "CameraSwitch", "Assembly-CSharp-Editor.csproj", "{00A724E5-78FB-3037-3147-00807332226D}"
EndProject
Global
	GlobalSection(SolutionConfigurationPlatforms) = preSolution
		Debug|Any CPU = Debug|Any CPU
		Release|Any CPU = Release|Any CPU
	EndGlobalSection
	GlobalSection(ProjectConfigurationPlatforms) = postSolution
		{92383DB3-3A16-A629-138A-B42DEB213AF4}.Debug|Any CPU.ActiveCfg = Debug|Any CPU
		{92383DB3-3A16-A629-138A-B42DEB213AF4}.Debug|Any CPU.Build.0 = Debug|Any CPU
		{92383DB3-3A16-A629-138A-B42DEB213AF4}.Release|Any CPU.ActiveCfg = Release|Any CPU
		{92383DB3-3A16-A629-138A-B42DEB213AF4}.Release|Any CPU.Build.0 = Release|Any CPU
		{00A724E5-78FB-3037-3147-00807332226D}.Debug|Any CPU.ActiveCfg = Debug|Any CPU
		{00A724E5-78FB-3037-3147-00807332226D}.Debug|Any CPU.Build.0 = Debug|Any CPU
		{00A724E5-78FB-3037-3147-00807332226D}.Release|Any CPU.ActiveCfg = Release|Any CPU
		{00A724E5-78FB-3037-3147-00807332226D}.Release|Any CPU.Build.0 = Release|Any CPU
	EndGlobalSection
	GlobalSection(SolutionProperties) = preSolution
		HideSolutionNode = FALSE
	EndGlobalSection
EndGlobal
